
Microsoft Visual Studio Solution File, Format Version 12.00
# Visual Studio Version 16
VisualStudioVersion = 16.0.31702.278
MinimumVisualStudioVersion = 10.0.40219.1
Project("{FAE04EC0-301F-11D3-BF4B-00C04F79EFBC}") = "net_task2_19", "net_task2_19\net_task2_19.csproj", "{48A85BAC-54F6-4AF8-BA70-5E37A36BEAB7}"
EndProject
Global
	GlobalSection(SolutionConfigurationPlatforms) = preSolution
		Debug|Any CPU = Debug|Any CPU
		Release|Any CPU = Release|Any CPU
	EndGlobalSection
	GlobalSection(ProjectConfigurationPlatforms) = postSolution
		{48A85BAC-54F6-4AF8-BA70-5E37A36BEAB7}.Debug|Any CPU.ActiveCfg = Debug|Any CPU
		{48A85BAC-54F6-4AF8-BA70-5E37A36BEAB7}.Debug|Any CPU.Build.0 = Debug|Any CPU
		{48A85BAC-54F6-4AF8-BA70-5E37A36BEAB7}.Release|Any CPU.ActiveCfg = Release|Any CPU
		{48A85BAC-54F6-4AF8-BA70-5E37A36BEAB7}.Release|Any CPU.Build.0 = Release|Any CPU
	EndGlobalSection
	GlobalSection(SolutionProperties) = preSolution
		HideSolutionNode = FALSE
	EndGlobalSection
	GlobalSection(ExtensibilityGlobals) = postSolution
		SolutionGuid = {04A5D602-7C11-49A7-B772-4E52E6209832}
	EndGlobalSection
EndGlobal
